Microsoft Visual Studio Solution File, Format Version 12.00
# Visual Studio Version 17
VisualStudioVersion = 17.0.31903.59
MinimumVisualStudioVersion = 10.0.40219.1
Project("{FAE04EC0-301F-11D3-BF4B-00C04F79EFBC}") = "SAGAStructuralTools", "SAGAStructuralTools\SAGAStructuralTools.csproj", "{53E21E51-AE91-4F17-B5CB-9F9DF81B2F36}"
EndProject
Project("{FAE04EC0-301F-11D3-BF4B-00C04F79EFBC}") = "SAGAStructuralTools.Strap.Domain", "SAGAStructuralTools.Strap.Domain\SAGAStructuralTools.Strap.Domain.csproj", "{DF9BEF41-BD38-4ACD-B4BA-2B7FC0B7CC67}"
EndProject
Project("{FAE04EC0-301F-11D3-BF4B-00C04F79EFBC}") = "SAGAStructuralTools.Strap.Domain.Tests", "SAGAStructuralTools.Strap.Domain.Tests\SAGAStructuralTools.Strap.Domain.Tests.csproj", "{98FCE7C6-B147-4CF5-9857-6717642A3C4A}"
EndProject
Project("{FAE04EC0-301F-11D3-BF4B-00C04F79EFBC}") = "SAGAStructuralTools.Strap.Application", "SAGAStructuralTools.Strap.Application\SAGAStructuralTools.Strap.Application.csproj", "{31E3A2A7-A4A3-452C-B267-86209847D74A}"
EndProject
Project("{FAE04EC0-301F-11D3-BF4B-00C04F79EFBC}") = "SAGAStructuralTools.Strap.Application.Tests", "SAGAStructuralTools.Strap.Application.Tests\SAGAStructuralTools.Strap.Application.Tests.csproj", "{C18B8CE3-A8FC-458E-BA85-2DB15CDDD6D3}"
EndProject
Project("{FAE04EC0-301F-11D3-BF4B-00C04F79EFBC}") = "SAGAStructuralTools.Strap.Readers", "SAGAStructuralTools.Strap.Readers\SAGAStructuralTools.Strap.Readers.csproj", "{3CA157F8-6C8D-4481-A24D-9A12C49257B1}"
EndProject
Project("{FAE04EC0-301F-11D3-BF4B-00C04F79EFBC}") = "SAGAStructuralTools.Strap.Readers.Tests", "SAGAStructuralTools.Strap.Readers.Tests\SAGAStructuralTools.Strap.Readers.Tests.csproj", "{7F89A497-ACBA-4E7E-BBCF-F50E40BA442A}"
EndProject
Project("{FAE04EC0-301F-11D3-BF4B-00C04F79EFBC}") = "SAGAStructuralTools.Tests", "SAGAStructuralTools.Tests\SAGAStructuralTools.Tests.csproj", "{A7F06688-37BC-4671-A030-9E4E8D419415}"
EndProject
Global
	GlobalSection(SolutionConfigurationPlatforms) = preSolution
		Debug|Any CPU = Debug|Any CPU
		Release|Any CPU = Release|Any CPU
	EndGlobalSection
	GlobalSection(ProjectConfigurationPlatforms) = postSolution
		{53E21E51-AE91-4F17-B5CB-9F9DF81B2F36}.Debug|Any CPU.ActiveCfg = Debug|Any CPU
		{53E21E51-AE91-4F17-B5CB-9F9DF81B2F36}.Debug|Any CPU.Build.0 = Debug|Any CPU
		{53E21E51-AE91-4F17-B5CB-9F9DF81B2F36}.Release|Any CPU.ActiveCfg = Release|Any CPU
		{53E21E51-AE91-4F17-B5CB-9F9DF81B2F36}.Release|Any CPU.Build.0 = Release|Any CPU
		{DF9BEF41-BD38-4ACD-B4BA-2B7FC0B7CC67}.Debug|Any CPU.ActiveCfg = Debug|Any CPU
		{DF9BEF41-BD38-4ACD-B4BA-2B7FC0B7CC67}.Debug|Any CPU.Build.0 = Debug|Any CPU
		{DF9BEF41-BD38-4ACD-B4BA-2B7FC0B7CC67}.Release|Any CPU.ActiveCfg = Release|Any CPU
		{DF9BEF41-BD38-4ACD-B4BA-2B7FC0B7CC67}.Release|Any CPU.Build.0 = Release|Any CPU
		{98FCE7C6-B147-4CF5-9857-6717642A3C4A}.Debug|Any CPU.ActiveCfg = Debug|Any CPU
		{98FCE7C6-B147-4CF5-9857-6717642A3C4A}.Debug|Any CPU.Build.0 = Debug|Any CPU
		{98FCE7C6-B147-4CF5-9857-6717642A3C4A}.Release|Any CPU.ActiveCfg = Release|Any CPU
		{98FCE7C6-B147-4CF5-9857-6717642A3C4A}.Release|Any CPU.Build.0 = Release|Any CPU
		{31E3A2A7-A4A3-452C-B267-86209847D74A}.Debug|Any CPU.ActiveCfg = Debug|Any CPU
		{31E3A2A7-A4A3-452C-B267-86209847D74A}.Debug|Any CPU.Build.0 = Debug|Any CPU
		{31E3A2A7-A4A3-452C-B267-86209847D74A}.Release|Any CPU.ActiveCfg = Release|Any CPU
		{31E3A2A7-A4A3-452C-B267-86209847D74A}.Release|Any CPU.Build.0 = Release|Any CPU
		{C18B8CE3-A8FC-458E-BA85-2DB15CDDD6D3}.Debug|Any CPU.ActiveCfg = Debug|Any CPU
		{C18B8CE3-A8FC-458E-BA85-2DB15CDDD6D3}.Debug|Any CPU.Build.0 = Debug|Any CPU
		{C18B8CE3-A8FC-458E-BA85-2DB15CDDD6D3}.Release|Any CPU.ActiveCfg = Release|Any CPU
		{C18B8CE3-A8FC-458E-BA85-2DB15CDDD6D3}.Release|Any CPU.Build.0 = Release|Any CPU
		{3CA157F8-6C8D-4481-A24D-9A12C49257B1}.Debug|Any CPU.ActiveCfg = Debug|Any CPU
		{3CA157F8-6C8D-4481-A24D-9A12C49257B1}.Debug|Any CPU.Build.0 = Debug|Any CPU
		{3CA157F8-6C8D-4481-A24D-9A12C49257B1}.Release|Any CPU.ActiveCfg = Release|Any CPU
		{3CA157F8-6C8D-4481-A24D-9A12C49257B1}.Release|Any CPU.Build.0 = Release|Any CPU
		{7F89A497-ACBA-4E7E-BBCF-F50E40BA442A}.Debug|Any CPU.ActiveCfg = Debug|Any CPU
		{7F89A497-ACBA-4E7E-BBCF-F50E40BA442A}.Debug|Any CPU.Build.0 = Debug|Any CPU
		{7F89A497-ACBA-4E7E-BBCF-F50E40BA442A}.Release|Any CPU.ActiveCfg = Release|Any CPU
		{7F89A497-ACBA-4E7E-BBCF-F50E40BA442A}.Release|Any CPU.Build.0 = Release|Any CPU
		{A7F06688-37BC-4671-A030-9E4E8D419415}.Debug|Any CPU.ActiveCfg = Debug|Any CPU
		{A7F06688-37BC-4671-A030-9E4E8D419415}.Debug|Any CPU.Build.0 = Debug|Any CPU
		{A7F06688-37BC-4671-A030-9E4E8D419415}.Release|Any CPU.ActiveCfg = Release|Any CPU
		{A7F06688-37BC-4671-A030-9E4E8D419415}.Release|Any CPU.Build.0 = Release|Any CPU
	EndGlobalSection
EndGlobal
